
Microsoft Visual Studio Solution File, Format Version 12.00
# Visual Studio Version 17
VisualStudioVersion = 17.14.36408.4
MinimumVisualStudioVersion = 10.0.40219.1
Project("{FAE04EC0-301F-11D3-BF4B-00C04F79EFBC}") = "Tellus", "Tellus\Tellus.csproj", "{3DDEA0F8-3ED5-4925-A2DF-CB1DF1CF34F0}"
EndProject
Project("{FAE04EC0-301F-11D3-BF4B-00C04F79EFBC}") = "MoonWorks", "MoonWorks\MoonWorks.csproj", "{07A3C6B8-2116-48B6-4FD8-080D8A22AF7C}"
EndProject
Project("{FAE04EC0-301F-11D3-BF4B-00C04F79EFBC}") = "TellusExampleProject", "TellusExampleProject\TellusExampleProject.csproj", "{EC818775-73FF-24F8-136F-4D7C8F7DE73B}"
EndProject
Global
	GlobalSection(SolutionConfigurationPlatforms) = preSolution
		Debug|Any CPU = Debug|Any CPU
		Release|Any CPU = Release|Any CPU
	EndGlobalSection
	GlobalSection(ProjectConfigurationPlatforms) = postSolution
		{3DDEA0F8-3ED5-4925-A2DF-CB1DF1CF34F0}.Debug|Any CPU.ActiveCfg = Debug|Any CPU
		{3DDEA0F8-3ED5-4925-A2DF-CB1DF1CF34F0}.Debug|Any CPU.Build.0 = Debug|Any CPU
		{3DDEA0F8-3ED5-4925-A2DF-CB1DF1CF34F0}.Release|Any CPU.ActiveCfg = Release|Any CPU
		{3DDEA0F8-3ED5-4925-A2DF-CB1DF1CF34F0}.Release|Any CPU.Build.0 = Release|Any CPU
		{07A3C6B8-2116-48B6-4FD8-080D8A22AF7C}.Debug|Any CPU.ActiveCfg = Debug|Any CPU
		{07A3C6B8-2116-48B6-4FD8-080D8A22AF7C}.Debug|Any CPU.Build.0 = Debug|Any CPU
		{07A3C6B8-2116-48B6-4FD8-080D8A22AF7C}.Release|Any CPU.ActiveCfg = Release|Any CPU
		{07A3C6B8-2116-48B6-4FD8-080D8A22AF7C}.Release|Any CPU.Build.0 = Release|Any CPU
		{EC818775-73FF-24F8-136F-4D7C8F7DE73B}.Debug|Any CPU.ActiveCfg = Debug|Any CPU
		{EC818775-73FF-24F8-136F-4D7C8F7DE73B}.Debug|Any CPU.Build.0 = Debug|Any CPU
		{EC818775-73FF-24F8-136F-4D7C8F7DE73B}.Release|Any CPU.ActiveCfg = Release|Any CPU
		{EC818775-73FF-24F8-136F-4D7C8F7DE73B}.Release|Any CPU.Build.0 = Release|Any CPU
	EndGlobalSection
	GlobalSection(SolutionProperties) = preSolution
		HideSolutionNode = FALSE
	EndGlobalSection
	GlobalSection(ExtensibilityGlobals) = postSolution
		SolutionGuid = {376EA51C-60CA-4804-A704-4D432BD1135C}
	EndGlobalSection
EndGlobal
